schema: '2.0'
stages:
  data_ingestion:
    cmd: python -m src.data_ingestion
    deps:
    - path: src/data_ingestion.py
      hash: md5
      md5: 7fad601dfcbec9e86214a78610f86863
      size: 2446
    params:
      params.yaml:
        data_ingestion.test_size: 0.2
    outs:
    - path: data/raw
      hash: md5
      md5: df26bfa3c9efbe95d2a3bab5ee13c164.dir
      size: 484846
      nfiles: 2
  data_preprocessing:
    cmd: python -m src.data_preprocessing
    deps:
    - path: data/raw
      hash: md5
      md5: df26bfa3c9efbe95d2a3bab5ee13c164.dir
      size: 484846
      nfiles: 2
    - path: src/data_preprocessing.py
      hash: md5
      md5: 0b78961656c220f4afc0cfd72f0e7e24
      size: 2575
    outs:
    - path: data/interim
      hash: md5
      md5: 2acb28c7170bb26cea30997b88ab14aa.dir
      size: 261909
      nfiles: 2
  feature_engineering:
    cmd: python -m src.feature_engineering
    deps:
    - path: data/interim
      hash: md5
      md5: 2acb28c7170bb26cea30997b88ab14aa.dir
      size: 261909
      nfiles: 2
    - path: src/feature_engineering.py
      hash: md5
      md5: f7a0fb7079e11c7fa66416ddf8a5db81
      size: 2212
    params:
      params.yaml:
        feature_engineering.max_features: 25
    outs:
    - path: data/processed
      hash: md5
      md5: 53b41bd46a73c9cad737951061298a4d.dir
      size: 605553
      nfiles: 2
  model_building:
    cmd: python -m src.model_building
    deps:
    - path: data/processed
      hash: md5
      md5: 53b41bd46a73c9cad737951061298a4d.dir
      size: 605553
      nfiles: 2
    - path: src/model_building.py
      hash: md5
      md5: 7d99e0324d6a1155c4e3f0f6558fbd6b
      size: 2777
    params:
      params.yaml:
        model_building.n_estimators: 50
        model_building.random_state: 42
    outs:
    - path: models/model.pkl
      hash: md5
      md5: b552e17c2fbb67bef8a5ab6accad6c25
      size: 1236803
  model_evaluation:
    cmd: python -m src.model_evaluation
    deps:
    - path: models/model.pkl
      hash: md5
      md5: b552e17c2fbb67bef8a5ab6accad6c25
      size: 1236803
    - path: src/model_evaluation.py
      hash: md5
      md5: 4280c0d5a56e2efe1d74586a223f3d29
      size: 3476
    outs:
    - path: reports/metrics.json
      hash: md5
      md5: 3739de8524b14c9f3e2a5393b1cac9bc
      size: 145
