schema: '2.0'
stages:
  data_ingestion:
    cmd: python -m src.data_ingestion
    deps:
    - path: src/data_ingestion.py
      hash: md5
      md5: 5920b3f74ff49a233af43ad66d2fad66
      size: 2444
    params:
      params.yaml:
        data_ingestion.test_size: 0.2
    outs:
    - path: data/raw
      hash: md5
      md5: df26bfa3c9efbe95d2a3bab5ee13c164.dir
      size: 484846
      nfiles: 2
  data_preprocessing:
    cmd: python -m src.data_preprocessing
    deps:
    - path: data/raw
      hash: md5
      md5: df26bfa3c9efbe95d2a3bab5ee13c164.dir
      size: 484846
      nfiles: 2
    - path: src/data_preprocessing.py
      hash: md5
      md5: 0b78961656c220f4afc0cfd72f0e7e24
      size: 2575
    outs:
    - path: data/interim
      hash: md5
      md5: 2acb28c7170bb26cea30997b88ab14aa.dir
      size: 261909
      nfiles: 2
  feature_engineering:
    cmd: python -m src.feature_engineering
    deps:
    - path: data/interim
      hash: md5
      md5: 2acb28c7170bb26cea30997b88ab14aa.dir
      size: 261909
      nfiles: 2
    - path: src/feature_engineering.py
      hash: md5
      md5: f7a0fb7079e11c7fa66416ddf8a5db81
      size: 2212
    params:
      params.yaml:
        feature_engineering.max_features: 50
    outs:
    - path: data/processed
      hash: md5
      md5: 2d278658bda0dcd5f0fa02f5fdd3f178.dir
      size: 1187384
      nfiles: 2
  model_building:
    cmd: python -m src.model_building
    deps:
    - path: data/processed
      hash: md5
      md5: 2d278658bda0dcd5f0fa02f5fdd3f178.dir
      size: 1187384
      nfiles: 2
    - path: src/model_building.py
      hash: md5
      md5: dc37598fb9195a0ea0e2aaa23f45ecd6
      size: 2865
    params:
      params.yaml:
        model_building.n_estimators: 50
        model_building.random_state: 42
    outs:
    - path: models/model.pkl
      hash: md5
      md5: 404323e0542622f0d6112540fb0e13e7
      size: 2129367
  model_evaluation:
    cmd: python -m src.model_evaluation
    deps:
    - path: models/model.pkl
      hash: md5
      md5: 404323e0542622f0d6112540fb0e13e7
      size: 2129367
    - path: src/model_evaluation.py
      hash: md5
      md5: b9c557beedd859a8fe5e8a595e27d0e7
      size: 3533
    outs:
    - path: reports/metrics.json
      hash: md5
      md5: 62a16ff469fb5e41ab773f71d6bb3e54
      size: 145
