schema: '2.0'
stages:
  data_ingestion:
    cmd: python -m src.data_ingestion
    deps:
    - path: src/data_ingestion.py
      hash: md5
      md5: 7fad601dfcbec9e86214a78610f86863
      size: 2446
    params:
      params.yaml:
        data_ingestion.test_size: 0.3
    outs:
    - path: data/raw
      hash: md5
      md5: bc00046bdf22ffb0b1c3bc2b096d5920.dir
      size: 484846
      nfiles: 2
  data_preprocessing:
    cmd: python -m src.data_preprocessing
    deps:
    - path: data/raw
      hash: md5
      md5: bc00046bdf22ffb0b1c3bc2b096d5920.dir
      size: 484846
      nfiles: 2
    - path: src/data_preprocessing.py
      hash: md5
      md5: 0b78961656c220f4afc0cfd72f0e7e24
      size: 2575
    outs:
    - path: data/interim
      hash: md5
      md5: 545155ecd5ac4d5e8795ed408e305492.dir
      size: 263911
      nfiles: 2
  feature_engineering:
    cmd: python -m src.feature_engineering
    deps:
    - path: data/interim
      hash: md5
      md5: 545155ecd5ac4d5e8795ed408e305492.dir
      size: 263911
      nfiles: 2
    - path: src/feature_engineering.py
      hash: md5
      md5: f7a0fb7079e11c7fa66416ddf8a5db81
      size: 2212
    params:
      params.yaml:
        feature_engineering.max_features: 10
    outs:
    - path: data/processed
      hash: md5
      md5: 60343d3a8c7c49223f62d48121765022.dir
      size: 249836
      nfiles: 2
  model_building:
    cmd: python -m src.model_building
    deps:
    - path: data/processed
      hash: md5
      md5: 60343d3a8c7c49223f62d48121765022.dir
      size: 249836
      nfiles: 2
    - path: src/model_building.py
      hash: md5
      md5: 7d99e0324d6a1155c4e3f0f6558fbd6b
      size: 2777
    params:
      params.yaml:
        model_building.n_estimators: 25
        model_building.random_state: 42
    outs:
    - path: models/model.pkl
      hash: md5
      md5: 9ee6ec8743a317ee929b50d6e29561ef
      size: 203890
  model_evaluation:
    cmd: python -m src.model_evaluation
    deps:
    - path: models/model.pkl
      hash: md5
      md5: 9ee6ec8743a317ee929b50d6e29561ef
      size: 203890
    - path: src/model_evaluation.py
      hash: md5
      md5: 4280c0d5a56e2efe1d74586a223f3d29
      size: 3476
    outs:
    - path: reports/metrics.json
      hash: md5
      md5: 61992c26fca64a80e51bff7d32975e98
      size: 145
